
Microsoft Visual Studio Solution File, Format Version 12.00
# Visual Studio 15
VisualStudioVersion = 15.0.27428.2002
MinimumVisualStudioVersion = 10.0.40219.1
Project("{FAE04EC0-301F-11D3-BF4B-00C04F79EFBC}") = "Sumo", "Sumo\Sumo.csproj", "{128F0616-524E-46CF-A258-E2E4D57E3C14}"
EndProject
Global
	GlobalSection(SolutionConfigurationPlatforms) = preSolution
		Debug|Any CPU = Debug|Any CPU
		Release|Any CPU = Release|Any CPU
	EndGlobalSection
	GlobalSection(ProjectConfigurationPlatforms) = postSolution
		{128F0616-524E-46CF-A258-E2E4D57E3C14}.Debug|Any CPU.ActiveCfg = Debug|Any CPU
		{128F0616-524E-46CF-A258-E2E4D57E3C14}.Debug|Any CPU.Build.0 = Debug|Any CPU
		{128F0616-524E-46CF-A258-E2E4D57E3C14}.Release|Any CPU.ActiveCfg = Release|Any CPU
		{128F0616-524E-46CF-A258-E2E4D57E3C14}.Release|Any CPU.Build.0 = Release|Any CPU
	EndGlobalSection
	GlobalSection(SolutionProperties) = preSolution
		HideSolutionNode = FALSE
	EndGlobalSection
	GlobalSection(ExtensibilityGlobals) = postSolution
		SolutionGuid = {F954B69C-7356-4808-B115-49D682A833D6}
	EndGlobalSection
EndGlobal
